
Microsoft Visual Studio Solution File, Format Version 12.00
Project("{FAE04EC0-301F-11D3-BF4B-00C04F79EFBC}") = "Countries.Api", "Countries.Api\Countries.Api.csproj", "{F060384E-92E7-4482-AEEF-79AEA29C6B30}"
EndProject
Global
	GlobalSection(SolutionConfigurationPlatforms) = preSolution
		Debug|Any CPU = Debug|Any CPU
		Release|Any CPU = Release|Any CPU
	EndGlobalSection
	GlobalSection(ProjectConfigurationPlatforms) = postSolution
		{F060384E-92E7-4482-AEEF-79AEA29C6B30}.Debug|Any CPU.ActiveCfg = Debug|Any CPU
		{F060384E-92E7-4482-AEEF-79AEA29C6B30}.Debug|Any CPU.Build.0 = Debug|Any CPU
		{F060384E-92E7-4482-AEEF-79AEA29C6B30}.Release|Any CPU.ActiveCfg = Release|Any CPU
		{F060384E-92E7-4482-AEEF-79AEA29C6B30}.Release|Any CPU.Build.0 = Release|Any CPU
	EndGlobalSection
EndGlobal
